<?xml version="1.0" encoding="utf-8"?>
<Project ToolsVersion="4.0" xmlns="http://schemas.microsoft.com/developer/msbuild/2003">
  <ItemGroup>
    <Filter Include="ICMemory">
      <UniqueIdentifier>{a8211a60-c5cd-4706-8d06-43cfbfe3e2c1}</UniqueIdentifier>
    </Filter>
    <Filter Include="ICBenchmark">
      <UniqueIdentifier>{7935f4a9-c605-457d-bd5d-94f1cffc252e}</UniqueIdentifier>
    </Filter>
    <Filter Include="ICMemory\Allocator">
      <UniqueIdentifier>{d1831c56-eaa0-4753-a4ad-f74939566932}</UniqueIdentifier>
    </Filter>
    <Filter Include="ICMemory\Container">
      <UniqueIdentifier>{00b6c4f4-8724-48dc-a652-86f127099e5c}</UniqueIdentifier>
    </Filter>
    <Filter Include="ICMemory\Utility">
      <UniqueIdentifier>{b398ac48-75c9-4a0e-b615-18b2137ab977}</UniqueIdentifier>
    </Filter>
    <Filter Include="Benchmarks">
      <UniqueIdentifier>{023176ed-6f2a-40cc-ad45-005f9148e767}</UniqueIdentifier>
    </Filter>
  </ItemGroup>
  <ItemGroup>
    <ClCompile Include="main.cpp" />
    <ClCompile Include="ICMemory\Allocator\BuddyAllocator.cpp">
      <Filter>ICMemory\Allocator</Filter>
    </ClCompile>
    <ClCompile Include="ICMemory\Allocator\LinearAllocator.cpp">
      <Filter>ICMemory\Allocator</Filter>
    </ClCompile>
    <ClCompile Include="ICMemory\Container\String.cpp">
      <Filter>ICMemory\Container</Filter>
    </ClCompile>
    <ClCompile Include="ICBenchmark\Benchmark.cpp">
      <Filter>ICBenchmark</Filter>
    </ClCompile>
    <ClCompile Include="ICBenchmark\BenchmarkRegistry.cpp">
      <Filter>ICBenchmark</Filter>
    </ClCompile>
    <ClCompile Include="ICBenchmark\Timer.cpp">
      <Filter>ICBenchmark</Filter>
    </ClCompile>
    <ClCompile Include="Benchmarks\SmallAllocations.cpp">
      <Filter>Benchmarks</Filter>
    </ClCompile>
    <ClCompile Include="ICBenchmark\AutoRegisterBenchmark.cpp">
      <Filter>ICBenchmark</Filter>
    </ClCompile>
    <ClCompile Include="ICBenchmark\BenchmarkRunner.cpp">
      <Filter>ICBenchmark</Filter>
    </ClCompile>
    <ClCompile Include="ICBenchmark\BenchmarkReport.cpp">
      <Filter>ICBenchmark</Filter>
    </ClCompile>
  </ItemGroup>
  <ItemGroup>
    <ClInclude Include="ICMemory\ForwardDeclarations.h">
      <Filter>ICMemory</Filter>
    </ClInclude>
    <ClInclude Include="ICMemory\ICMemory.h">
      <Filter>ICMemory</Filter>
    </ClInclude>
    <ClInclude Include="ICMemory\Allocator\AllocatorWrapper.h">
      <Filter>ICMemory\Allocator</Filter>
    </ClInclude>
    <ClInclude Include="ICMemory\Allocator\AllocatorWrapperImpl.h">
      <Filter>ICMemory\Allocator</Filter>
    </ClInclude>
    <ClInclude Include="ICMemory\Allocator\BuddyAllocator.h">
      <Filter>ICMemory\Allocator</Filter>
    </ClInclude>
    <ClInclude Include="ICMemory\Allocator\IAllocator.h">
      <Filter>ICMemory\Allocator</Filter>
    </ClInclude>
    <ClInclude Include="ICMemory\Allocator\LinearAllocator.h">
      <Filter>ICMemory\Allocator</Filter>
    </ClInclude>
    <ClInclude Include="ICMemory\Container\Deque.h">
      <Filter>ICMemory\Container</Filter>
    </ClInclude>
    <ClInclude Include="ICMemory\Container\DequeImpl.h">
      <Filter>ICMemory\Container</Filter>
    </ClInclude>
    <ClInclude Include="ICMemory\Container\Queue.h">
      <Filter>ICMemory\Container</Filter>
    </ClInclude>
    <ClInclude Include="ICMemory\Container\QueueImpl.h">
      <Filter>ICMemory\Container</Filter>
    </ClInclude>
    <ClInclude Include="ICMemory\Container\SharedPtr.h">
      <Filter>ICMemory\Container</Filter>
    </ClInclude>
    <ClInclude Include="ICMemory\Container\SharedPtrImpl.h">
      <Filter>ICMemory\Container</Filter>
    </ClInclude>
    <ClInclude Include="ICMemory\Container\Stack.h">
      <Filter>ICMemory\Container</Filter>
    </ClInclude>
    <ClInclude Include="ICMemory\Container\StackImpl.h">
      <Filter>ICMemory\Container</Filter>
    </ClInclude>
    <ClInclude Include="ICMemory\Container\String.h">
      <Filter>ICMemory\Container</Filter>
    </ClInclude>
    <ClInclude Include="ICMemory\Container\StringImpl.h">
      <Filter>ICMemory\Container</Filter>
    </ClInclude>
    <ClInclude Include="ICMemory\Container\UniquePtr.h">
      <Filter>ICMemory\Container</Filter>
    </ClInclude>
    <ClInclude Include="ICMemory\Container\UniquePtrImpl.h">
      <Filter>ICMemory\Container</Filter>
    </ClInclude>
    <ClInclude Include="ICMemory\Container\UnorderedMap.h">
      <Filter>ICMemory\Container</Filter>
    </ClInclude>
    <ClInclude Include="ICMemory\Container\UnorderedMapImpl.h">
      <Filter>ICMemory\Container</Filter>
    </ClInclude>
    <ClInclude Include="ICMemory\Container\UnorderedSet.h">
      <Filter>ICMemory\Container</Filter>
    </ClInclude>
    <ClInclude Include="ICMemory\Container\UnorderedSetImpl.h">
      <Filter>ICMemory\Container</Filter>
    </ClInclude>
    <ClInclude Include="ICMemory\Container\Vector.h">
      <Filter>ICMemory\Container</Filter>
    </ClInclude>
    <ClInclude Include="ICMemory\Container\VectorImpl.h">
      <Filter>ICMemory\Container</Filter>
    </ClInclude>
    <ClInclude Include="ICMemory\Utility\MemoryUtils.h">
      <Filter>ICMemory\Utility</Filter>
    </ClInclude>
    <ClInclude Include="ICMemory\Utility\MemoryUtilsImpl.h">
      <Filter>ICMemory\Utility</Filter>
    </ClInclude>
    <ClInclude Include="ICBenchmark\Benchmark.h">
      <Filter>ICBenchmark</Filter>
    </ClInclude>
    <ClInclude Include="ICBenchmark\BenchmarkGroup.h">
      <Filter>ICBenchmark</Filter>
    </ClInclude>
    <ClInclude Include="ICBenchmark\BenchmarkRegistry.h">
      <Filter>ICBenchmark</Filter>
    </ClInclude>
    <ClInclude Include="ICBenchmark\ForwardDeclarations.h">
      <Filter>ICBenchmark</Filter>
    </ClInclude>
    <ClInclude Include="ICBenchmark\ICBenchmark.h">
      <Filter>ICBenchmark</Filter>
    </ClInclude>
    <ClInclude Include="ICBenchmark\Timer.h">
      <Filter>ICBenchmark</Filter>
    </ClInclude>
    <ClInclude Include="ICBenchmark\AutoRegisterBenchmark.h">
      <Filter>ICBenchmark</Filter>
    </ClInclude>
    <ClInclude Include="ICBenchmark\BenchmarkRunner.h">
      <Filter>ICBenchmark</Filter>
    </ClInclude>
    <ClInclude Include="ICBenchmark\BenchmarkReport.h">
      <Filter>ICBenchmark</Filter>
    </ClInclude>
  </ItemGroup>
</Project>