<?xml version="1.0" encoding="utf-8"?>
<Project ToolsVersion="4.0" xmlns="http://schemas.microsoft.com/developer/msbuild/2003">
  <ItemGroup>
    <Filter Include="ICMemory">
      <UniqueIdentifier>{a8211a60-c5cd-4706-8d06-43cfbfe3e2c1}</UniqueIdentifier>
    </Filter>
    <Filter Include="ICBenchmark">
      <UniqueIdentifier>{7935f4a9-c605-457d-bd5d-94f1cffc252e}</UniqueIdentifier>
    </Filter>
    <Filter Include="Benchmarks">
      <UniqueIdentifier>{85f5c937-ccd2-4c32-b84c-e59d39a373c9}</UniqueIdentifier>
    </Filter>
    <Filter Include="Benchmarks\SmallAllocations">
      <UniqueIdentifier>{dc014380-6906-4421-ba5b-188ed55081ac}</UniqueIdentifier>
    </Filter>
    <Filter Include="Benchmarks\MediumAllocations">
      <UniqueIdentifier>{aa52dcf8-b2a8-4194-b533-4877f72e5b44}</UniqueIdentifier>
    </Filter>
    <Filter Include="Benchmarks\LargeAllocations">
      <UniqueIdentifier>{299eb640-dc2d-4794-a7d6-d208a8312247}</UniqueIdentifier>
    </Filter>
    <Filter Include="Benchmarks\ConcurrentAllocations">
      <UniqueIdentifier>{829e7357-b8c4-4da3-a569-3c2384fc90d4}</UniqueIdentifier>
    </Filter>
    <Filter Include="ICMemory\Allocator">
      <UniqueIdentifier>{d1831c56-eaa0-4753-a4ad-f74939566932}</UniqueIdentifier>
    </Filter>
    <Filter Include="ICMemory\Container">
      <UniqueIdentifier>{00b6c4f4-8724-48dc-a652-86f127099e5c}</UniqueIdentifier>
    </Filter>
    <Filter Include="ICMemory\Utility">
      <UniqueIdentifier>{b398ac48-75c9-4a0e-b615-18b2137ab977}</UniqueIdentifier>
    </Filter>
  </ItemGroup>
  <ItemGroup>
    <ClCompile Include="ICBenchmark\BenchmarkSystem.cpp">
      <Filter>ICBenchmark</Filter>
    </ClCompile>
    <ClCompile Include="ICBenchmark\Timer.cpp">
      <Filter>ICBenchmark</Filter>
    </ClCompile>
    <ClCompile Include="main.cpp" />
    <ClCompile Include="ICBenchmark\Benchmark.cpp">
      <Filter>ICBenchmark</Filter>
    </ClCompile>
    <ClCompile Include="Benchmarks\MediumAllocations\BuddyMediumAllocationsBenchmark.cpp">
      <Filter>Benchmarks\MediumAllocations</Filter>
    </ClCompile>
    <ClCompile Include="Benchmarks\MediumAllocations\LinearMediumAllocationsBenchmark.cpp">
      <Filter>Benchmarks\MediumAllocations</Filter>
    </ClCompile>
    <ClCompile Include="Benchmarks\MediumAllocations\StandardMediumAllocationsBenchmark.cpp">
      <Filter>Benchmarks\MediumAllocations</Filter>
    </ClCompile>
    <ClCompile Include="Benchmarks\LargeAllocations\BuddyLargeAllocationsBenchmark.cpp">
      <Filter>Benchmarks\LargeAllocations</Filter>
    </ClCompile>
    <ClCompile Include="Benchmarks\LargeAllocations\LinearLargeAllocationsBenchmark.cpp">
      <Filter>Benchmarks\LargeAllocations</Filter>
    </ClCompile>
    <ClCompile Include="Benchmarks\LargeAllocations\StandardLargeAllocationsBenchmark.cpp">
      <Filter>Benchmarks\LargeAllocations</Filter>
    </ClCompile>
    <ClCompile Include="Benchmarks\SmallAllocations\BuddySmallAllocationsBenchmark.cpp">
      <Filter>Benchmarks\SmallAllocations</Filter>
    </ClCompile>
    <ClCompile Include="Benchmarks\SmallAllocations\LinearSmallAllocationsBenchmark.cpp">
      <Filter>Benchmarks\SmallAllocations</Filter>
    </ClCompile>
    <ClCompile Include="Benchmarks\SmallAllocations\StandardSmallAllocationsBenchmark.cpp">
      <Filter>Benchmarks\SmallAllocations</Filter>
    </ClCompile>
    <ClCompile Include="Benchmarks\ConcurrentAllocations\BuddyConcurrentAllocationsBenchmark.cpp">
      <Filter>Benchmarks\ConcurrentAllocations</Filter>
    </ClCompile>
    <ClCompile Include="Benchmarks\ConcurrentAllocations\LinearConcurrentAllocationsBenchmark.cpp">
      <Filter>Benchmarks\ConcurrentAllocations</Filter>
    </ClCompile>
    <ClCompile Include="Benchmarks\ConcurrentAllocations\StandardConcurrentAllocationsBenchmark.cpp">
      <Filter>Benchmarks\ConcurrentAllocations</Filter>
    </ClCompile>
    <ClCompile Include="ICMemory\Allocator\BuddyAllocator.cpp">
      <Filter>ICMemory\Allocator</Filter>
    </ClCompile>
    <ClCompile Include="ICMemory\Allocator\LinearAllocator.cpp">
      <Filter>ICMemory\Allocator</Filter>
    </ClCompile>
    <ClCompile Include="ICMemory\Container\String.cpp">
      <Filter>ICMemory\Container</Filter>
    </ClCompile>
  </ItemGroup>
  <ItemGroup>
    <ClInclude Include="ICBenchmark\BenchmarkSystem.h">
      <Filter>ICBenchmark</Filter>
    </ClInclude>
    <ClInclude Include="ICBenchmark\Benchmark.h">
      <Filter>ICBenchmark</Filter>
    </ClInclude>
    <ClInclude Include="ICBenchmark\ForwardDeclarations.h">
      <Filter>ICBenchmark</Filter>
    </ClInclude>
    <ClInclude Include="ICBenchmark\ICBenchmark.h">
      <Filter>ICBenchmark</Filter>
    </ClInclude>
    <ClInclude Include="ICBenchmark\Timer.h">
      <Filter>ICBenchmark</Filter>
    </ClInclude>
    <ClInclude Include="Benchmarks\MediumAllocations\BuddyMediumAllocationsBenchmark.h">
      <Filter>Benchmarks\MediumAllocations</Filter>
    </ClInclude>
    <ClInclude Include="Benchmarks\MediumAllocations\LinearMediumAllocationsBenchmark.h">
      <Filter>Benchmarks\MediumAllocations</Filter>
    </ClInclude>
    <ClInclude Include="Benchmarks\MediumAllocations\StandardMediumAllocationsBenchmark.h">
      <Filter>Benchmarks\MediumAllocations</Filter>
    </ClInclude>
    <ClInclude Include="Benchmarks\LargeAllocations\BuddyLargeAllocationsBenchmark.h">
      <Filter>Benchmarks\LargeAllocations</Filter>
    </ClInclude>
    <ClInclude Include="Benchmarks\LargeAllocations\LinearLargeAllocationsBenchmark.h">
      <Filter>Benchmarks\LargeAllocations</Filter>
    </ClInclude>
    <ClInclude Include="Benchmarks\LargeAllocations\StandardLargeAllocationsBenchmark.h">
      <Filter>Benchmarks\LargeAllocations</Filter>
    </ClInclude>
    <ClInclude Include="Benchmarks\SmallAllocations\BuddySmallAllocationsBenchmark.h">
      <Filter>Benchmarks\SmallAllocations</Filter>
    </ClInclude>
    <ClInclude Include="Benchmarks\SmallAllocations\LinearSmallAllocationsBenchmark.h">
      <Filter>Benchmarks\SmallAllocations</Filter>
    </ClInclude>
    <ClInclude Include="Benchmarks\SmallAllocations\StandardSmallAllocationsBenchmark.h">
      <Filter>Benchmarks\SmallAllocations</Filter>
    </ClInclude>
    <ClInclude Include="Benchmarks\ConcurrentAllocations\BuddyConcurrentAllocationsBenchmark.h">
      <Filter>Benchmarks\ConcurrentAllocations</Filter>
    </ClInclude>
    <ClInclude Include="Benchmarks\ConcurrentAllocations\LinearConcurrentAllocationsBenchmark.h">
      <Filter>Benchmarks\ConcurrentAllocations</Filter>
    </ClInclude>
    <ClInclude Include="Benchmarks\ConcurrentAllocations\StandardConcurrentAllocationsBenchmark.h">
      <Filter>Benchmarks\ConcurrentAllocations</Filter>
    </ClInclude>
    <ClInclude Include="ICMemory\ForwardDeclarations.h">
      <Filter>ICMemory</Filter>
    </ClInclude>
    <ClInclude Include="ICMemory\ICMemory.h">
      <Filter>ICMemory</Filter>
    </ClInclude>
    <ClInclude Include="ICMemory\Allocator\AllocatorWrapper.h">
      <Filter>ICMemory\Allocator</Filter>
    </ClInclude>
    <ClInclude Include="ICMemory\Allocator\AllocatorWrapperImpl.h">
      <Filter>ICMemory\Allocator</Filter>
    </ClInclude>
    <ClInclude Include="ICMemory\Allocator\BuddyAllocator.h">
      <Filter>ICMemory\Allocator</Filter>
    </ClInclude>
    <ClInclude Include="ICMemory\Allocator\IAllocator.h">
      <Filter>ICMemory\Allocator</Filter>
    </ClInclude>
    <ClInclude Include="ICMemory\Allocator\LinearAllocator.h">
      <Filter>ICMemory\Allocator</Filter>
    </ClInclude>
    <ClInclude Include="ICMemory\Container\Deque.h">
      <Filter>ICMemory\Container</Filter>
    </ClInclude>
    <ClInclude Include="ICMemory\Container\DequeImpl.h">
      <Filter>ICMemory\Container</Filter>
    </ClInclude>
    <ClInclude Include="ICMemory\Container\Queue.h">
      <Filter>ICMemory\Container</Filter>
    </ClInclude>
    <ClInclude Include="ICMemory\Container\QueueImpl.h">
      <Filter>ICMemory\Container</Filter>
    </ClInclude>
    <ClInclude Include="ICMemory\Container\SharedPtr.h">
      <Filter>ICMemory\Container</Filter>
    </ClInclude>
    <ClInclude Include="ICMemory\Container\SharedPtrImpl.h">
      <Filter>ICMemory\Container</Filter>
    </ClInclude>
    <ClInclude Include="ICMemory\Container\Stack.h">
      <Filter>ICMemory\Container</Filter>
    </ClInclude>
    <ClInclude Include="ICMemory\Container\StackImpl.h">
      <Filter>ICMemory\Container</Filter>
    </ClInclude>
    <ClInclude Include="ICMemory\Container\String.h">
      <Filter>ICMemory\Container</Filter>
    </ClInclude>
    <ClInclude Include="ICMemory\Container\StringImpl.h">
      <Filter>ICMemory\Container</Filter>
    </ClInclude>
    <ClInclude Include="ICMemory\Container\UniquePtr.h">
      <Filter>ICMemory\Container</Filter>
    </ClInclude>
    <ClInclude Include="ICMemory\Container\UniquePtrImpl.h">
      <Filter>ICMemory\Container</Filter>
    </ClInclude>
    <ClInclude Include="ICMemory\Container\UnorderedMap.h">
      <Filter>ICMemory\Container</Filter>
    </ClInclude>
    <ClInclude Include="ICMemory\Container\UnorderedMapImpl.h">
      <Filter>ICMemory\Container</Filter>
    </ClInclude>
    <ClInclude Include="ICMemory\Container\UnorderedSet.h">
      <Filter>ICMemory\Container</Filter>
    </ClInclude>
    <ClInclude Include="ICMemory\Container\UnorderedSetImpl.h">
      <Filter>ICMemory\Container</Filter>
    </ClInclude>
    <ClInclude Include="ICMemory\Container\Vector.h">
      <Filter>ICMemory\Container</Filter>
    </ClInclude>
    <ClInclude Include="ICMemory\Container\VectorImpl.h">
      <Filter>ICMemory\Container</Filter>
    </ClInclude>
    <ClInclude Include="ICMemory\Utility\MemoryUtils.h">
      <Filter>ICMemory\Utility</Filter>
    </ClInclude>
    <ClInclude Include="ICMemory\Utility\MemoryUtilsImpl.h">
      <Filter>ICMemory\Utility</Filter>
    </ClInclude>
  </ItemGroup>
</Project>