<?xml version="1.0" encoding="utf-8"?>
<Project ToolsVersion="4.0" xmlns="http://schemas.microsoft.com/developer/msbuild/2003">
  <ItemGroup>
    <Filter Include="ICMemory">
      <UniqueIdentifier>{a8211a60-c5cd-4706-8d06-43cfbfe3e2c1}</UniqueIdentifier>
    </Filter>
    <Filter Include="ICBenchmark">
      <UniqueIdentifier>{7935f4a9-c605-457d-bd5d-94f1cffc252e}</UniqueIdentifier>
    </Filter>
    <Filter Include="Benchmarks">
      <UniqueIdentifier>{85f5c937-ccd2-4c32-b84c-e59d39a373c9}</UniqueIdentifier>
    </Filter>
  </ItemGroup>
  <ItemGroup>
    <ClCompile Include="ICBenchmark\BenchmarkSystem.cpp">
      <Filter>ICBenchmark</Filter>
    </ClCompile>
    <ClCompile Include="ICBenchmark\Timer.cpp">
      <Filter>ICBenchmark</Filter>
    </ClCompile>
    <ClCompile Include="main.cpp" />
    <ClCompile Include="ICBenchmark\Benchmark.cpp">
      <Filter>ICBenchmark</Filter>
    </ClCompile>
    <ClCompile Include="Benchmarks\BuddyLargeAllocationsBenchmark.cpp">
      <Filter>Benchmarks</Filter>
    </ClCompile>
    <ClCompile Include="Benchmarks\StandardLargeAllocationsBenchmark.cpp">
      <Filter>Benchmarks</Filter>
    </ClCompile>
    <ClCompile Include="Benchmarks\BuddySmallAllocationsBenchmark.cpp">
      <Filter>Benchmarks</Filter>
    </ClCompile>
    <ClCompile Include="Benchmarks\StandardSmallAllocationsBenchmark.cpp">
      <Filter>Benchmarks</Filter>
    </ClCompile>
    <ClCompile Include="ICMemory\BuddyAllocator.cpp">
      <Filter>ICMemory</Filter>
    </ClCompile>
    <ClCompile Include="ICMemory\LinearAllocator.cpp">
      <Filter>ICMemory</Filter>
    </ClCompile>
    <ClCompile Include="ICMemory\String.cpp">
      <Filter>ICMemory</Filter>
    </ClCompile>
  </ItemGroup>
  <ItemGroup>
    <ClInclude Include="ICBenchmark\BenchmarkSystem.h">
      <Filter>ICBenchmark</Filter>
    </ClInclude>
    <ClInclude Include="ICBenchmark\Benchmark.h">
      <Filter>ICBenchmark</Filter>
    </ClInclude>
    <ClInclude Include="ICBenchmark\ForwardDeclarations.h">
      <Filter>ICBenchmark</Filter>
    </ClInclude>
    <ClInclude Include="ICBenchmark\ICBenchmark.h">
      <Filter>ICBenchmark</Filter>
    </ClInclude>
    <ClInclude Include="ICBenchmark\Timer.h">
      <Filter>ICBenchmark</Filter>
    </ClInclude>
    <ClInclude Include="Benchmarks\BuddyLargeAllocationsBenchmark.h">
      <Filter>Benchmarks</Filter>
    </ClInclude>
    <ClInclude Include="Benchmarks\StandardLargeAllocationsBenchmark.h">
      <Filter>Benchmarks</Filter>
    </ClInclude>
    <ClInclude Include="Benchmarks\BuddySmallAllocationsBenchmark.h">
      <Filter>Benchmarks</Filter>
    </ClInclude>
    <ClInclude Include="Benchmarks\StandardSmallAllocationsBenchmark.h">
      <Filter>Benchmarks</Filter>
    </ClInclude>
    <ClInclude Include="ICMemory\AllocatorWrapper.h">
      <Filter>ICMemory</Filter>
    </ClInclude>
    <ClInclude Include="ICMemory\BuddyAllocator.h">
      <Filter>ICMemory</Filter>
    </ClInclude>
    <ClInclude Include="ICMemory\Deque.h">
      <Filter>ICMemory</Filter>
    </ClInclude>
    <ClInclude Include="ICMemory\ForwardDeclarations.h">
      <Filter>ICMemory</Filter>
    </ClInclude>
    <ClInclude Include="ICMemory\IAllocator.h">
      <Filter>ICMemory</Filter>
    </ClInclude>
    <ClInclude Include="ICMemory\ICMemory.h">
      <Filter>ICMemory</Filter>
    </ClInclude>
    <ClInclude Include="ICMemory\LinearAllocator.h">
      <Filter>ICMemory</Filter>
    </ClInclude>
    <ClInclude Include="ICMemory\MemoryUtils.h">
      <Filter>ICMemory</Filter>
    </ClInclude>
    <ClInclude Include="ICMemory\Queue.h">
      <Filter>ICMemory</Filter>
    </ClInclude>
    <ClInclude Include="ICMemory\SharedPtr.h">
      <Filter>ICMemory</Filter>
    </ClInclude>
    <ClInclude Include="ICMemory\Stack.h">
      <Filter>ICMemory</Filter>
    </ClInclude>
    <ClInclude Include="ICMemory\String.h">
      <Filter>ICMemory</Filter>
    </ClInclude>
    <ClInclude Include="ICMemory\UniquePtr.h">
      <Filter>ICMemory</Filter>
    </ClInclude>
    <ClInclude Include="ICMemory\UnorderedMap.h">
      <Filter>ICMemory</Filter>
    </ClInclude>
    <ClInclude Include="ICMemory\UnorderedSet.h">
      <Filter>ICMemory</Filter>
    </ClInclude>
    <ClInclude Include="ICMemory\Vector.h">
      <Filter>ICMemory</Filter>
    </ClInclude>
  </ItemGroup>
</Project>